
Microsoft Visual Studio Solution File, Format Version 12.00
# Visual Studio Version 17
VisualStudioVersion = 17.11.35222.181
MinimumVisualStudioVersion = 10.0.40219.1
Project("{9A19103F-16F7-4668-BE54-9A1E7A4F7556}") = "TodoList", "TodoList\TodoList.csproj", "{0AE5C14A-CC3F-40DB-B268-966B5D762CB6}"
EndProject
Project("{9A19103F-16F7-4668-BE54-9A1E7A4F7556}") = "Rectangles", "OOP\Rectangles.csproj", "{1FC9E428-860F-41D3-AEC2-5B1783952145}"
EndProject
Project("{9A19103F-16F7-4668-BE54-9A1E7A4F7556}") = "02_NamesSingleResponsibilityPrinciple", "02_NamesBeforeRefactorToSRP\02_NamesSingleResponsibilityPrinciple.csproj", "{427CB925-FDF8-4784-B932-E95F78231F7A}"
EndProject
Project("{FAE04EC0-301F-11D3-BF4B-00C04F79EFBC}") = "01_Calculator", "01_Calculator\01_Calculator.csproj", "{A4F9A812-DEC0-4FDC-BFC1-90DD0549E34F}"
EndProject
Global
	GlobalSection(SolutionConfigurationPlatforms) = preSolution
		Debug|Any CPU = Debug|Any CPU
		Release|Any CPU = Release|Any CPU
	EndGlobalSection
	GlobalSection(ProjectConfigurationPlatforms) = postSolution
		{0AE5C14A-CC3F-40DB-B268-966B5D762CB6}.Debug|Any CPU.ActiveCfg = Debug|Any CPU
		{0AE5C14A-CC3F-40DB-B268-966B5D762CB6}.Debug|Any CPU.Build.0 = Debug|Any CPU
		{0AE5C14A-CC3F-40DB-B268-966B5D762CB6}.Release|Any CPU.ActiveCfg = Release|Any CPU
		{0AE5C14A-CC3F-40DB-B268-966B5D762CB6}.Release|Any CPU.Build.0 = Release|Any CPU
		{1FC9E428-860F-41D3-AEC2-5B1783952145}.Debug|Any CPU.ActiveCfg = Debug|Any CPU
		{1FC9E428-860F-41D3-AEC2-5B1783952145}.Debug|Any CPU.Build.0 = Debug|Any CPU
		{1FC9E428-860F-41D3-AEC2-5B1783952145}.Release|Any CPU.ActiveCfg = Release|Any CPU
		{1FC9E428-860F-41D3-AEC2-5B1783952145}.Release|Any CPU.Build.0 = Release|Any CPU
		{427CB925-FDF8-4784-B932-E95F78231F7A}.Debug|Any CPU.ActiveCfg = Debug|Any CPU
		{427CB925-FDF8-4784-B932-E95F78231F7A}.Debug|Any CPU.Build.0 = Debug|Any CPU
		{427CB925-FDF8-4784-B932-E95F78231F7A}.Release|Any CPU.ActiveCfg = Release|Any CPU
		{427CB925-FDF8-4784-B932-E95F78231F7A}.Release|Any CPU.Build.0 = Release|Any CPU
		{A4F9A812-DEC0-4FDC-BFC1-90DD0549E34F}.Debug|Any CPU.ActiveCfg = Debug|Any CPU
		{A4F9A812-DEC0-4FDC-BFC1-90DD0549E34F}.Debug|Any CPU.Build.0 = Debug|Any CPU
		{A4F9A812-DEC0-4FDC-BFC1-90DD0549E34F}.Release|Any CPU.ActiveCfg = Release|Any CPU
		{A4F9A812-DEC0-4FDC-BFC1-90DD0549E34F}.Release|Any CPU.Build.0 = Release|Any CPU
	EndGlobalSection
	GlobalSection(SolutionProperties) = preSolution
		HideSolutionNode = FALSE
	EndGlobalSection
	GlobalSection(ExtensibilityGlobals) = postSolution
		SolutionGuid = {32B28E05-C379-473F-A066-AD2C89505641}
	EndGlobalSection
EndGlobal
